
Microsoft Visual Studio Solution File, Format Version 12.00
# Visual Studio Version 16
VisualStudioVersion = 16.0.29519.181
MinimumVisualStudioVersion = 10.0.40219.1
Project("{9A19103F-16F7-4668-BE54-9A1E7A4F7556}") = "Hmac", "Hmac\Hmac.csproj", "{C59FF676-F071-45A3-8D1A-C40850B85BFD}"
EndProject
Project("{9A19103F-16F7-4668-BE54-9A1E7A4F7556}") = "Gost", "Gost\Gost\Gost.csproj", "{17742532-7880-4CD5-8890-F6A47CD29694}"
EndProject
Project("{8BC9CEB8-8B4A-11D0-8D11-00A0C91BC942}") = "ElGamal", "ElGamal\ElGamal.vcxproj", "{1F943828-4969-4000-AA78-6A11892DE116}"
EndProject
Project("{9A19103F-16F7-4668-BE54-9A1E7A4F7556}") = "DiffieHellmanCng", "DiffieHellmanCng\DiffieHellmanCng.csproj", "{FFAA6556-1EAD-436D-8EFD-617AFF5EC9AC}"
EndProject
Global
	GlobalSection(SolutionConfigurationPlatforms) = preSolution
		Debug|Any CPU = Debug|Any CPU
		Debug|x64 = Debug|x64
		Debug|x86 = Debug|x86
		Release|Any CPU = Release|Any CPU
		Release|x64 = Release|x64
		Release|x86 = Release|x86
	EndGlobalSection
	GlobalSection(ProjectConfigurationPlatforms) = postSolution
		{C59FF676-F071-45A3-8D1A-C40850B85BFD}.Debug|Any CPU.ActiveCfg = Debug|Any CPU
		{C59FF676-F071-45A3-8D1A-C40850B85BFD}.Debug|Any CPU.Build.0 = Debug|Any CPU
		{C59FF676-F071-45A3-8D1A-C40850B85BFD}.Debug|x64.ActiveCfg = Debug|Any CPU
		{C59FF676-F071-45A3-8D1A-C40850B85BFD}.Debug|x64.Build.0 = Debug|Any CPU
		{C59FF676-F071-45A3-8D1A-C40850B85BFD}.Debug|x86.ActiveCfg = Debug|Any CPU
		{C59FF676-F071-45A3-8D1A-C40850B85BFD}.Debug|x86.Build.0 = Debug|Any CPU
		{C59FF676-F071-45A3-8D1A-C40850B85BFD}.Release|Any CPU.ActiveCfg = Release|Any CPU
		{C59FF676-F071-45A3-8D1A-C40850B85BFD}.Release|Any CPU.Build.0 = Release|Any CPU
		{C59FF676-F071-45A3-8D1A-C40850B85BFD}.Release|x64.ActiveCfg = Release|Any CPU
		{C59FF676-F071-45A3-8D1A-C40850B85BFD}.Release|x64.Build.0 = Release|Any CPU
		{C59FF676-F071-45A3-8D1A-C40850B85BFD}.Release|x86.ActiveCfg = Release|Any CPU
		{C59FF676-F071-45A3-8D1A-C40850B85BFD}.Release|x86.Build.0 = Release|Any CPU
		{17742532-7880-4CD5-8890-F6A47CD29694}.Debug|Any CPU.ActiveCfg = Debug|Any CPU
		{17742532-7880-4CD5-8890-F6A47CD29694}.Debug|Any CPU.Build.0 = Debug|Any CPU
		{17742532-7880-4CD5-8890-F6A47CD29694}.Debug|x64.ActiveCfg = Debug|Any CPU
		{17742532-7880-4CD5-8890-F6A47CD29694}.Debug|x64.Build.0 = Debug|Any CPU
		{17742532-7880-4CD5-8890-F6A47CD29694}.Debug|x86.ActiveCfg = Debug|Any CPU
		{17742532-7880-4CD5-8890-F6A47CD29694}.Debug|x86.Build.0 = Debug|Any CPU
		{17742532-7880-4CD5-8890-F6A47CD29694}.Release|Any CPU.ActiveCfg = Release|Any CPU
		{17742532-7880-4CD5-8890-F6A47CD29694}.Release|Any CPU.Build.0 = Release|Any CPU
		{17742532-7880-4CD5-8890-F6A47CD29694}.Release|x64.ActiveCfg = Release|Any CPU
		{17742532-7880-4CD5-8890-F6A47CD29694}.Release|x64.Build.0 = Release|Any CPU
		{17742532-7880-4CD5-8890-F6A47CD29694}.Release|x86.ActiveCfg = Release|Any CPU
		{17742532-7880-4CD5-8890-F6A47CD29694}.Release|x86.Build.0 = Release|Any CPU
		{1F943828-4969-4000-AA78-6A11892DE116}.Debug|Any CPU.ActiveCfg = Debug|Win32
		{1F943828-4969-4000-AA78-6A11892DE116}.Debug|x64.ActiveCfg = Debug|x64
		{1F943828-4969-4000-AA78-6A11892DE116}.Debug|x64.Build.0 = Debug|x64
		{1F943828-4969-4000-AA78-6A11892DE116}.Debug|x86.ActiveCfg = Debug|Win32
		{1F943828-4969-4000-AA78-6A11892DE116}.Debug|x86.Build.0 = Debug|Win32
		{1F943828-4969-4000-AA78-6A11892DE116}.Release|Any CPU.ActiveCfg = Release|Win32
		{1F943828-4969-4000-AA78-6A11892DE116}.Release|x64.ActiveCfg = Release|x64
		{1F943828-4969-4000-AA78-6A11892DE116}.Release|x64.Build.0 = Release|x64
		{1F943828-4969-4000-AA78-6A11892DE116}.Release|x86.ActiveCfg = Release|Win32
		{1F943828-4969-4000-AA78-6A11892DE116}.Release|x86.Build.0 = Release|Win32
		{FFAA6556-1EAD-436D-8EFD-617AFF5EC9AC}.Debug|Any CPU.ActiveCfg = Debug|Any CPU
		{FFAA6556-1EAD-436D-8EFD-617AFF5EC9AC}.Debug|Any CPU.Build.0 = Debug|Any CPU
		{FFAA6556-1EAD-436D-8EFD-617AFF5EC9AC}.Debug|x64.ActiveCfg = Debug|Any CPU
		{FFAA6556-1EAD-436D-8EFD-617AFF5EC9AC}.Debug|x64.Build.0 = Debug|Any CPU
		{FFAA6556-1EAD-436D-8EFD-617AFF5EC9AC}.Debug|x86.ActiveCfg = Debug|Any CPU
		{FFAA6556-1EAD-436D-8EFD-617AFF5EC9AC}.Debug|x86.Build.0 = Debug|Any CPU
		{FFAA6556-1EAD-436D-8EFD-617AFF5EC9AC}.Release|Any CPU.ActiveCfg = Release|Any CPU
		{FFAA6556-1EAD-436D-8EFD-617AFF5EC9AC}.Release|Any CPU.Build.0 = Release|Any CPU
		{FFAA6556-1EAD-436D-8EFD-617AFF5EC9AC}.Release|x64.ActiveCfg = Release|Any CPU
		{FFAA6556-1EAD-436D-8EFD-617AFF5EC9AC}.Release|x64.Build.0 = Release|Any CPU
		{FFAA6556-1EAD-436D-8EFD-617AFF5EC9AC}.Release|x86.ActiveCfg = Release|Any CPU
		{FFAA6556-1EAD-436D-8EFD-617AFF5EC9AC}.Release|x86.Build.0 = Release|Any CPU
	EndGlobalSection
	GlobalSection(SolutionProperties) = preSolution
		HideSolutionNode = FALSE
	EndGlobalSection
	GlobalSection(ExtensibilityGlobals) = postSolution
		SolutionGuid = {0B413F3F-21AA-45AC-B4FC-7AD98385270B}
	EndGlobalSection
EndGlobal
