
Microsoft Visual Studio Solution File, Format Version 12.00
# Visual Studio Version 16
VisualStudioVersion = 16.0.29519.181
MinimumVisualStudioVersion = 10.0.40219.1
Project("{9A19103F-16F7-4668-BE54-9A1E7A4F7556}") = "Hmac", "Hmac\Hmac.csproj", "{C59FF676-F071-45A3-8D1A-C40850B85BFD}"
EndProject
Project("{9A19103F-16F7-4668-BE54-9A1E7A4F7556}") = "Gost", "..\Gost\Gost\Gost.csproj", "{59005CF2-096C-4A08-BC8F-6840EFA1BED1}"
EndProject
Global
	GlobalSection(SolutionConfigurationPlatforms) = preSolution
		Debug|Any CPU = Debug|Any CPU
		Release|Any CPU = Release|Any CPU
	EndGlobalSection
	GlobalSection(ProjectConfigurationPlatforms) = postSolution
		{C59FF676-F071-45A3-8D1A-C40850B85BFD}.Debug|Any CPU.ActiveCfg = Debug|Any CPU
		{C59FF676-F071-45A3-8D1A-C40850B85BFD}.Debug|Any CPU.Build.0 = Debug|Any CPU
		{C59FF676-F071-45A3-8D1A-C40850B85BFD}.Release|Any CPU.ActiveCfg = Release|Any CPU
		{C59FF676-F071-45A3-8D1A-C40850B85BFD}.Release|Any CPU.Build.0 = Release|Any CPU
		{59005CF2-096C-4A08-BC8F-6840EFA1BED1}.Debug|Any CPU.ActiveCfg = Debug|Any CPU
		{59005CF2-096C-4A08-BC8F-6840EFA1BED1}.Debug|Any CPU.Build.0 = Debug|Any CPU
		{59005CF2-096C-4A08-BC8F-6840EFA1BED1}.Release|Any CPU.ActiveCfg = Release|Any CPU
		{59005CF2-096C-4A08-BC8F-6840EFA1BED1}.Release|Any CPU.Build.0 = Release|Any CPU
	EndGlobalSection
	GlobalSection(SolutionProperties) = preSolution
		HideSolutionNode = FALSE
	EndGlobalSection
	GlobalSection(ExtensibilityGlobals) = postSolution
		SolutionGuid = {0B413F3F-21AA-45AC-B4FC-7AD98385270B}
	EndGlobalSection
EndGlobal
